
Microsoft Visual Studio Solution File, Format Version 12.00
# Visual Studio Version 16
VisualStudioVersion = 16.0.31005.135
MinimumVisualStudioVersion = 10.0.40219.1
Project("{FAE04EC0-301F-11D3-BF4B-00C04F79EFBC}") = "GridLayout.Android", "GridLayout\GridLayout.Android\GridLayout.Android.csproj", "{50909E1D-74DB-4FA7-82F6-742627C4C90A}"
EndProject
Project("{FAE04EC0-301F-11D3-BF4B-00C04F79EFBC}") = "GridLayout.iOS", "GridLayout\GridLayout.iOS\GridLayout.iOS.csproj", "{687609C7-7598-45A8-BD9A-76AD64F88DF5}"
EndProject
Project("{FAE04EC0-301F-11D3-BF4B-00C04F79EFBC}") = "GridLayout", "GridLayout\GridLayout\GridLayout.csproj", "{0CBC221B-716A-48B0-8C73-13AB370368DA}"
EndProject
Global
	GlobalSection(SolutionConfigurationPlatforms) = preSolution
		Debug|Any CPU = Debug|Any CPU
		Debug|iPhone = Debug|iPhone
		Debug|iPhoneSimulator = Debug|iPhoneSimulator
		Release|Any CPU = Release|Any CPU
		Release|iPhone = Release|iPhone
		Release|iPhoneSimulator = Release|iPhoneSimulator
	EndGlobalSection
	GlobalSection(ProjectConfigurationPlatforms) = postSolution
		{50909E1D-74DB-4FA7-82F6-742627C4C90A}.Debug|Any CPU.ActiveCfg = Debug|Any CPU
		{50909E1D-74DB-4FA7-82F6-742627C4C90A}.Debug|Any CPU.Build.0 = Debug|Any CPU
		{50909E1D-74DB-4FA7-82F6-742627C4C90A}.Debug|Any CPU.Deploy.0 = Debug|Any CPU
		{50909E1D-74DB-4FA7-82F6-742627C4C90A}.Debug|iPhone.ActiveCfg = Debug|Any CPU
		{50909E1D-74DB-4FA7-82F6-742627C4C90A}.Debug|iPhone.Build.0 = Debug|Any CPU
		{50909E1D-74DB-4FA7-82F6-742627C4C90A}.Debug|iPhone.Deploy.0 = Debug|Any CPU
		{50909E1D-74DB-4FA7-82F6-742627C4C90A}.Debug|iPhoneSimulator.ActiveCfg = Debug|Any CPU
		{50909E1D-74DB-4FA7-82F6-742627C4C90A}.Debug|iPhoneSimulator.Build.0 = Debug|Any CPU
		{50909E1D-74DB-4FA7-82F6-742627C4C90A}.Debug|iPhoneSimulator.Deploy.0 = Debug|Any CPU
		{50909E1D-74DB-4FA7-82F6-742627C4C90A}.Release|Any CPU.ActiveCfg = Release|Any CPU
		{50909E1D-74DB-4FA7-82F6-742627C4C90A}.Release|Any CPU.Build.0 = Release|Any CPU
		{50909E1D-74DB-4FA7-82F6-742627C4C90A}.Release|Any CPU.Deploy.0 = Release|Any CPU
		{50909E1D-74DB-4FA7-82F6-742627C4C90A}.Release|iPhone.ActiveCfg = Release|Any CPU
		{50909E1D-74DB-4FA7-82F6-742627C4C90A}.Release|iPhone.Build.0 = Release|Any CPU
		{50909E1D-74DB-4FA7-82F6-742627C4C90A}.Release|iPhone.Deploy.0 = Release|Any CPU
		{50909E1D-74DB-4FA7-82F6-742627C4C90A}.Release|iPhoneSimulator.ActiveCfg = Release|Any CPU
		{50909E1D-74DB-4FA7-82F6-742627C4C90A}.Release|iPhoneSimulator.Build.0 = Release|Any CPU
		{50909E1D-74DB-4FA7-82F6-742627C4C90A}.Release|iPhoneSimulator.Deploy.0 = Release|Any CPU
		{687609C7-7598-45A8-BD9A-76AD64F88DF5}.Debug|Any CPU.ActiveCfg = Debug|iPhone
		{687609C7-7598-45A8-BD9A-76AD64F88DF5}.Debug|Any CPU.Build.0 = Debug|iPhone
		{687609C7-7598-45A8-BD9A-76AD64F88DF5}.Debug|Any CPU.Deploy.0 = Debug|iPhone
		{687609C7-7598-45A8-BD9A-76AD64F88DF5}.Debug|iPhone.ActiveCfg = Debug|iPhone
		{687609C7-7598-45A8-BD9A-76AD64F88DF5}.Debug|iPhone.Build.0 = Debug|iPhone
		{687609C7-7598-45A8-BD9A-76AD64F88DF5}.Debug|iPhone.Deploy.0 = Debug|iPhone
		{687609C7-7598-45A8-BD9A-76AD64F88DF5}.Debug|iPhoneSimulator.ActiveCfg = Debug|iPhoneSimulator
		{687609C7-7598-45A8-BD9A-76AD64F88DF5}.Debug|iPhoneSimulator.Build.0 = Debug|iPhoneSimulator
		{687609C7-7598-45A8-BD9A-76AD64F88DF5}.Debug|iPhoneSimulator.Deploy.0 = Debug|iPhoneSimulator
		{687609C7-7598-45A8-BD9A-76AD64F88DF5}.Release|Any CPU.ActiveCfg = Release|iPhoneSimulator
		{687609C7-7598-45A8-BD9A-76AD64F88DF5}.Release|Any CPU.Build.0 = Release|iPhoneSimulator
		{687609C7-7598-45A8-BD9A-76AD64F88DF5}.Release|Any CPU.Deploy.0 = Release|iPhoneSimulator
		{687609C7-7598-45A8-BD9A-76AD64F88DF5}.Release|iPhone.ActiveCfg = Release|iPhone
		{687609C7-7598-45A8-BD9A-76AD64F88DF5}.Release|iPhone.Build.0 = Release|iPhone
		{687609C7-7598-45A8-BD9A-76AD64F88DF5}.Release|iPhone.Deploy.0 = Release|iPhone
		{687609C7-7598-45A8-BD9A-76AD64F88DF5}.Release|iPhoneSimulator.ActiveCfg = Release|iPhoneSimulator
		{687609C7-7598-45A8-BD9A-76AD64F88DF5}.Release|iPhoneSimulator.Build.0 = Release|iPhoneSimulator
		{687609C7-7598-45A8-BD9A-76AD64F88DF5}.Release|iPhoneSimulator.Deploy.0 = Release|iPhoneSimulator
		{0CBC221B-716A-48B0-8C73-13AB370368DA}.Debug|Any CPU.ActiveCfg = Debug|Any CPU
		{0CBC221B-716A-48B0-8C73-13AB370368DA}.Debug|Any CPU.Build.0 = Debug|Any CPU
		{0CBC221B-716A-48B0-8C73-13AB370368DA}.Debug|Any CPU.Deploy.0 = Debug|Any CPU
		{0CBC221B-716A-48B0-8C73-13AB370368DA}.Debug|iPhone.ActiveCfg = Debug|Any CPU
		{0CBC221B-716A-48B0-8C73-13AB370368DA}.Debug|iPhone.Build.0 = Debug|Any CPU
		{0CBC221B-716A-48B0-8C73-13AB370368DA}.Debug|iPhone.Deploy.0 = Debug|Any CPU
		{0CBC221B-716A-48B0-8C73-13AB370368DA}.Debug|iPhoneSimulator.ActiveCfg = Debug|Any CPU
		{0CBC221B-716A-48B0-8C73-13AB370368DA}.Debug|iPhoneSimulator.Build.0 = Debug|Any CPU
		{0CBC221B-716A-48B0-8C73-13AB370368DA}.Debug|iPhoneSimulator.Deploy.0 = Debug|Any CPU
		{0CBC221B-716A-48B0-8C73-13AB370368DA}.Release|Any CPU.ActiveCfg = Release|Any CPU
		{0CBC221B-716A-48B0-8C73-13AB370368DA}.Release|Any CPU.Build.0 = Release|Any CPU
		{0CBC221B-716A-48B0-8C73-13AB370368DA}.Release|Any CPU.Deploy.0 = Release|Any CPU
		{0CBC221B-716A-48B0-8C73-13AB370368DA}.Release|iPhone.ActiveCfg = Release|Any CPU
		{0CBC221B-716A-48B0-8C73-13AB370368DA}.Release|iPhone.Build.0 = Release|Any CPU
		{0CBC221B-716A-48B0-8C73-13AB370368DA}.Release|iPhone.Deploy.0 = Release|Any CPU
		{0CBC221B-716A-48B0-8C73-13AB370368DA}.Release|iPhoneSimulator.ActiveCfg = Release|Any CPU
		{0CBC221B-716A-48B0-8C73-13AB370368DA}.Release|iPhoneSimulator.Build.0 = Release|Any CPU
		{0CBC221B-716A-48B0-8C73-13AB370368DA}.Release|iPhoneSimulator.Deploy.0 = Release|Any CPU
	EndGlobalSection
	GlobalSection(SolutionProperties) = preSolution
		HideSolutionNode = FALSE
	EndGlobalSection
	GlobalSection(ExtensibilityGlobals) = postSolution
		SolutionGuid = {84D7E494-F509-4B13-900B-7F93FB4893C5}
	EndGlobalSection
EndGlobal
